
Microsoft Visual Studio Solution File, Format Version 12.00
# Visual Studio Version 16
VisualStudioVersion = 16.0.32106.194
MinimumVisualStudioVersion = 10.0.40219.1
Project("{FAE04EC0-301F-11D3-BF4B-00C04F79EFBC}") = "task3", "task3.csproj", "{683F66C9-712E-40B2-B907-14DAFCD8CAA1}"
EndProject
Global
	GlobalSection(SolutionConfigurationPlatforms) = preSolution
		Debug|Any CPU = Debug|Any CPU
		Release|Any CPU = Release|Any CPU
	EndGlobalSection
	GlobalSection(ProjectConfigurationPlatforms) = postSolution
		{683F66C9-712E-40B2-B907-14DAFCD8CAA1}.Debug|Any CPU.ActiveCfg = Debug|Any CPU
		{683F66C9-712E-40B2-B907-14DAFCD8CAA1}.Debug|Any CPU.Build.0 = Debug|Any CPU
		{683F66C9-712E-40B2-B907-14DAFCD8CAA1}.Release|Any CPU.ActiveCfg = Release|Any CPU
		{683F66C9-712E-40B2-B907-14DAFCD8CAA1}.Release|Any CPU.Build.0 = Release|Any CPU
	EndGlobalSection
	GlobalSection(SolutionProperties) = preSolution
		HideSolutionNode = FALSE
	EndGlobalSection
	GlobalSection(ExtensibilityGlobals) = postSolution
		SolutionGuid = {60185856-251B-4E08-BEAD-DE6689B685DC}
	EndGlobalSection
EndGlobal
